
Microsoft Visual Studio Solution File, Format Version 12.00
# Visual Studio Version 16
VisualStudioVersion = 16.0.29306.81
MinimumVisualStudioVersion = 10.0.40219.1
Project("{FAE04EC0-301F-11D3-BF4B-00C04F79EFBC}") = "DI_T1_Ej1", "DI_T1\DI_T1_Ej1.csproj", "{BDAC2033-DC11-4C6B-B511-A7DCEC0C54CA}"
EndProject
Project("{9A19103F-16F7-4668-BE54-9A1E7A4F7556}") = "DI_T1_Ej2", "DI_T1_Ej2\DI_T1_Ej2.csproj", "{555439FE-76B5-47F8-B22D-EA80BD004CEA}"
EndProject
Project("{FAE04EC0-301F-11D3-BF4B-00C04F79EFBC}") = "DI_T1_Ej3", "DI_T1_Ej3\DI_T1_Ej3.csproj", "{7FFDCEEC-9BA9-4E2F-A4FE-5C65053ECD00}"
EndProject
Project("{FAE04EC0-301F-11D3-BF4B-00C04F79EFBC}") = "DI_T1_Ej4", "DI_T1_Ej4\DI_T1_Ej4.csproj", "{0A9095F2-5F5B-4771-9C56-9B983114FE40}"
EndProject
Project("{FAE04EC0-301F-11D3-BF4B-00C04F79EFBC}") = "DI_T1_Ej5", "DI_T1_Ej5\DI_T1_Ej5.csproj", "{8B14C14E-DC9D-4F94-AB42-E8DDEEED7AA8}"
EndProject
Global
	GlobalSection(SolutionConfigurationPlatforms) = preSolution
		Debug|Any CPU = Debug|Any CPU
		Release|Any CPU = Release|Any CPU
	EndGlobalSection
	GlobalSection(ProjectConfigurationPlatforms) = postSolution
		{BDAC2033-DC11-4C6B-B511-A7DCEC0C54CA}.Debug|Any CPU.ActiveCfg = Debug|Any CPU
		{BDAC2033-DC11-4C6B-B511-A7DCEC0C54CA}.Debug|Any CPU.Build.0 = Debug|Any CPU
		{BDAC2033-DC11-4C6B-B511-A7DCEC0C54CA}.Release|Any CPU.ActiveCfg = Release|Any CPU
		{BDAC2033-DC11-4C6B-B511-A7DCEC0C54CA}.Release|Any CPU.Build.0 = Release|Any CPU
		{555439FE-76B5-47F8-B22D-EA80BD004CEA}.Debug|Any CPU.ActiveCfg = Debug|Any CPU
		{555439FE-76B5-47F8-B22D-EA80BD004CEA}.Debug|Any CPU.Build.0 = Debug|Any CPU
		{555439FE-76B5-47F8-B22D-EA80BD004CEA}.Release|Any CPU.ActiveCfg = Release|Any CPU
		{555439FE-76B5-47F8-B22D-EA80BD004CEA}.Release|Any CPU.Build.0 = Release|Any CPU
		{7FFDCEEC-9BA9-4E2F-A4FE-5C65053ECD00}.Debug|Any CPU.ActiveCfg = Debug|Any CPU
		{7FFDCEEC-9BA9-4E2F-A4FE-5C65053ECD00}.Debug|Any CPU.Build.0 = Debug|Any CPU
		{7FFDCEEC-9BA9-4E2F-A4FE-5C65053ECD00}.Release|Any CPU.ActiveCfg = Release|Any CPU
		{7FFDCEEC-9BA9-4E2F-A4FE-5C65053ECD00}.Release|Any CPU.Build.0 = Release|Any CPU
		{0A9095F2-5F5B-4771-9C56-9B983114FE40}.Debug|Any CPU.ActiveCfg = Debug|Any CPU
		{0A9095F2-5F5B-4771-9C56-9B983114FE40}.Debug|Any CPU.Build.0 = Debug|Any CPU
		{0A9095F2-5F5B-4771-9C56-9B983114FE40}.Release|Any CPU.ActiveCfg = Release|Any CPU
		{0A9095F2-5F5B-4771-9C56-9B983114FE40}.Release|Any CPU.Build.0 = Release|Any CPU
		{8B14C14E-DC9D-4F94-AB42-E8DDEEED7AA8}.Debug|Any CPU.ActiveCfg = Debug|Any CPU
		{8B14C14E-DC9D-4F94-AB42-E8DDEEED7AA8}.Debug|Any CPU.Build.0 = Debug|Any CPU
		{8B14C14E-DC9D-4F94-AB42-E8DDEEED7AA8}.Release|Any CPU.ActiveCfg = Release|Any CPU
		{8B14C14E-DC9D-4F94-AB42-E8DDEEED7AA8}.Release|Any CPU.Build.0 = Release|Any CPU
	EndGlobalSection
	GlobalSection(SolutionProperties) = preSolution
		HideSolutionNode = FALSE
	EndGlobalSection
	GlobalSection(ExtensibilityGlobals) = postSolution
		SolutionGuid = {AC0FBBC6-8254-4E5E-9AF9-FF3FC483072C}
	EndGlobalSection
EndGlobal
